
Microsoft Visual Studio Solution File, Format Version 12.00
# Visual Studio Version 16
VisualStudioVersion = 16.0.29911.84
MinimumVisualStudioVersion = 10.0.40219.1
Project("{FAE04EC0-301F-11D3-BF4B-00C04F79EFBC}") = "TreeIntersection", "TreeIntersection.csproj", "{866209E5-1EF9-4D40-8E8E-442BD203B2F8}"
EndProject
Project("{FAE04EC0-301F-11D3-BF4B-00C04F79EFBC}") = "XUnitTestTreeIntersection", "..\XUnitTestTreeIntersection\XUnitTestTreeIntersection.csproj", "{6C67D98A-3B0F-4B81-97DB-A22AF7EEE8B5}"
EndProject
Global
	GlobalSection(SolutionConfigurationPlatforms) = preSolution
		Debug|Any CPU = Debug|Any CPU
		Release|Any CPU = Release|Any CPU
	EndGlobalSection
	GlobalSection(ProjectConfigurationPlatforms) = postSolution
		{866209E5-1EF9-4D40-8E8E-442BD203B2F8}.Debug|Any CPU.ActiveCfg = Debug|Any CPU
		{866209E5-1EF9-4D40-8E8E-442BD203B2F8}.Debug|Any CPU.Build.0 = Debug|Any CPU
		{866209E5-1EF9-4D40-8E8E-442BD203B2F8}.Release|Any CPU.ActiveCfg = Release|Any CPU
		{866209E5-1EF9-4D40-8E8E-442BD203B2F8}.Release|Any CPU.Build.0 = Release|Any CPU
		{6C67D98A-3B0F-4B81-97DB-A22AF7EEE8B5}.Debug|Any CPU.ActiveCfg = Debug|Any CPU
		{6C67D98A-3B0F-4B81-97DB-A22AF7EEE8B5}.Debug|Any CPU.Build.0 = Debug|Any CPU
		{6C67D98A-3B0F-4B81-97DB-A22AF7EEE8B5}.Release|Any CPU.ActiveCfg = Release|Any CPU
		{6C67D98A-3B0F-4B81-97DB-A22AF7EEE8B5}.Release|Any CPU.Build.0 = Release|Any CPU
	EndGlobalSection
	GlobalSection(SolutionProperties) = preSolution
		HideSolutionNode = FALSE
	EndGlobalSection
	GlobalSection(ExtensibilityGlobals) = postSolution
		SolutionGuid = {6799F9FA-2F4D-422F-813C-53E1186D2E8F}
	EndGlobalSection
EndGlobal
