
Microsoft Visual Studio Solution File, Format Version 12.00
# Visual Studio Version 16
VisualStudioVersion = 16.0.30204.135
MinimumVisualStudioVersion = 10.0.40219.1
Project("{FAE04EC0-301F-11D3-BF4B-00C04F79EFBC}") = "BubbleSort", "BubbleSort.csproj", "{63614C64-A017-4C7E-BFEB-9A5C634B18D8}"
EndProject
Project("{FAE04EC0-301F-11D3-BF4B-00C04F79EFBC}") = "XUnitTestBubbleSort", "..\XUnitTestBubbleSort\XUnitTestBubbleSort.csproj", "{7398F236-A9E9-4431-AD36-F98982571D93}"
EndProject
Global
	GlobalSection(SolutionConfigurationPlatforms) = preSolution
		Debug|Any CPU = Debug|Any CPU
		Release|Any CPU = Release|Any CPU
	EndGlobalSection
	GlobalSection(ProjectConfigurationPlatforms) = postSolution
		{63614C64-A017-4C7E-BFEB-9A5C634B18D8}.Debug|Any CPU.ActiveCfg = Debug|Any CPU
		{63614C64-A017-4C7E-BFEB-9A5C634B18D8}.Debug|Any CPU.Build.0 = Debug|Any CPU
		{63614C64-A017-4C7E-BFEB-9A5C634B18D8}.Release|Any CPU.ActiveCfg = Release|Any CPU
		{63614C64-A017-4C7E-BFEB-9A5C634B18D8}.Release|Any CPU.Build.0 = Release|Any CPU
		{7398F236-A9E9-4431-AD36-F98982571D93}.Debug|Any CPU.ActiveCfg = Debug|Any CPU
		{7398F236-A9E9-4431-AD36-F98982571D93}.Debug|Any CPU.Build.0 = Debug|Any CPU
		{7398F236-A9E9-4431-AD36-F98982571D93}.Release|Any CPU.ActiveCfg = Release|Any CPU
		{7398F236-A9E9-4431-AD36-F98982571D93}.Release|Any CPU.Build.0 = Release|Any CPU
	EndGlobalSection
	GlobalSection(SolutionProperties) = preSolution
		HideSolutionNode = FALSE
	EndGlobalSection
	GlobalSection(ExtensibilityGlobals) = postSolution
		SolutionGuid = {D8E1ED60-F0F7-4089-85F7-A4A3FF387A51}
	EndGlobalSection
EndGlobal
