
Microsoft Visual Studio Solution File, Format Version 12.00
# Visual Studio Version 16
VisualStudioVersion = 16.0.29911.84
MinimumVisualStudioVersion = 10.0.40219.1
Project("{FAE04EC0-301F-11D3-BF4B-00C04F79EFBC}") = "InsertionSort", "InsertionSort.csproj", "{4031CA57-4561-40B6-89B3-A37AAF5EB8E5}"
EndProject
Global
	GlobalSection(SolutionConfigurationPlatforms) = preSolution
		Debug|Any CPU = Debug|Any CPU
		Release|Any CPU = Release|Any CPU
	EndGlobalSection
	GlobalSection(ProjectConfigurationPlatforms) = postSolution
		{4031CA57-4561-40B6-89B3-A37AAF5EB8E5}.Debug|Any CPU.ActiveCfg = Debug|Any CPU
		{4031CA57-4561-40B6-89B3-A37AAF5EB8E5}.Debug|Any CPU.Build.0 = Debug|Any CPU
		{4031CA57-4561-40B6-89B3-A37AAF5EB8E5}.Release|Any CPU.ActiveCfg = Release|Any CPU
		{4031CA57-4561-40B6-89B3-A37AAF5EB8E5}.Release|Any CPU.Build.0 = Release|Any CPU
	EndGlobalSection
	GlobalSection(SolutionProperties) = preSolution
		HideSolutionNode = FALSE
	EndGlobalSection
	GlobalSection(ExtensibilityGlobals) = postSolution
		SolutionGuid = {62128FC2-6905-43B2-911C-F0232A668DB0}
	EndGlobalSection
EndGlobal
