
Microsoft Visual Studio Solution File, Format Version 12.00
# Visual Studio Version 16
VisualStudioVersion = 16.0.29911.84
MinimumVisualStudioVersion = 10.0.40219.1
Project("{FAE04EC0-301F-11D3-BF4B-00C04F79EFBC}") = "BinarySearch", "BinarySearch.csproj", "{12C915D5-B6E9-4285-ADAC-1954A543E30E}"
EndProject
Project("{FAE04EC0-301F-11D3-BF4B-00C04F79EFBC}") = "BinarySearchTest", "..\BinarySearchTest\BinarySearchTest.csproj", "{77ED3F07-C027-40E7-9998-11562FF5A570}"
EndProject
Global
	GlobalSection(SolutionConfigurationPlatforms) = preSolution
		Debug|Any CPU = Debug|Any CPU
		Release|Any CPU = Release|Any CPU
	EndGlobalSection
	GlobalSection(ProjectConfigurationPlatforms) = postSolution
		{12C915D5-B6E9-4285-ADAC-1954A543E30E}.Debug|Any CPU.ActiveCfg = Debug|Any CPU
		{12C915D5-B6E9-4285-ADAC-1954A543E30E}.Debug|Any CPU.Build.0 = Debug|Any CPU
		{12C915D5-B6E9-4285-ADAC-1954A543E30E}.Release|Any CPU.ActiveCfg = Release|Any CPU
		{12C915D5-B6E9-4285-ADAC-1954A543E30E}.Release|Any CPU.Build.0 = Release|Any CPU
		{77ED3F07-C027-40E7-9998-11562FF5A570}.Debug|Any CPU.ActiveCfg = Debug|Any CPU
		{77ED3F07-C027-40E7-9998-11562FF5A570}.Debug|Any CPU.Build.0 = Debug|Any CPU
		{77ED3F07-C027-40E7-9998-11562FF5A570}.Release|Any CPU.ActiveCfg = Release|Any CPU
		{77ED3F07-C027-40E7-9998-11562FF5A570}.Release|Any CPU.Build.0 = Release|Any CPU
	EndGlobalSection
	GlobalSection(SolutionProperties) = preSolution
		HideSolutionNode = FALSE
	EndGlobalSection
	GlobalSection(ExtensibilityGlobals) = postSolution
		SolutionGuid = {D6561388-2891-4659-A928-FFFDBE4110AC}
	EndGlobalSection
EndGlobal
