
Microsoft Visual Studio Solution File, Format Version 12.00
# Visual Studio Version 16
VisualStudioVersion = 16.0.29911.84
MinimumVisualStudioVersion = 10.0.40219.1
Project("{FAE04EC0-301F-11D3-BF4B-00C04F79EFBC}") = "HashTable", "HashTable.csproj", "{2991A6CF-664D-4C3E-944C-FEF3C98F6F45}"
EndProject
Project("{FAE04EC0-301F-11D3-BF4B-00C04F79EFBC}") = "XUnitTestHashTable", "..\XUnitTestHashTable\XUnitTestHashTable.csproj", "{58C52C5A-21CD-4001-BF22-2B2702D004EF}"
EndProject
Global
	GlobalSection(SolutionConfigurationPlatforms) = preSolution
		Debug|Any CPU = Debug|Any CPU
		Release|Any CPU = Release|Any CPU
	EndGlobalSection
	GlobalSection(ProjectConfigurationPlatforms) = postSolution
		{2991A6CF-664D-4C3E-944C-FEF3C98F6F45}.Debug|Any CPU.ActiveCfg = Debug|Any CPU
		{2991A6CF-664D-4C3E-944C-FEF3C98F6F45}.Debug|Any CPU.Build.0 = Debug|Any CPU
		{2991A6CF-664D-4C3E-944C-FEF3C98F6F45}.Release|Any CPU.ActiveCfg = Release|Any CPU
		{2991A6CF-664D-4C3E-944C-FEF3C98F6F45}.Release|Any CPU.Build.0 = Release|Any CPU
		{58C52C5A-21CD-4001-BF22-2B2702D004EF}.Debug|Any CPU.ActiveCfg = Debug|Any CPU
		{58C52C5A-21CD-4001-BF22-2B2702D004EF}.Debug|Any CPU.Build.0 = Debug|Any CPU
		{58C52C5A-21CD-4001-BF22-2B2702D004EF}.Release|Any CPU.ActiveCfg = Release|Any CPU
		{58C52C5A-21CD-4001-BF22-2B2702D004EF}.Release|Any CPU.Build.0 = Release|Any CPU
	EndGlobalSection
	GlobalSection(SolutionProperties) = preSolution
		HideSolutionNode = FALSE
	EndGlobalSection
	GlobalSection(ExtensibilityGlobals) = postSolution
		SolutionGuid = {E63CCCE2-D30E-4F30-AC56-E45B82E3F45C}
	EndGlobalSection
EndGlobal
