
Microsoft Visual Studio Solution File, Format Version 12.00
# Visual Studio Version 16
VisualStudioVersion = 16.0.29911.84
MinimumVisualStudioVersion = 10.0.40219.1
Project("{FAE04EC0-301F-11D3-BF4B-00C04F79EFBC}") = "RepeatedWord", "RepeatedWord.csproj", "{91E0521A-60AB-407D-9BDD-DFC23FF39382}"
EndProject
Project("{FAE04EC0-301F-11D3-BF4B-00C04F79EFBC}") = "XUnitTestRepeatedWord", "..\XUnitTestRepeatedWord\XUnitTestRepeatedWord.csproj", "{AF25DB9C-ADAF-47F0-8AC3-81D57EC230E9}"
EndProject
Global
	GlobalSection(SolutionConfigurationPlatforms) = preSolution
		Debug|Any CPU = Debug|Any CPU
		Release|Any CPU = Release|Any CPU
	EndGlobalSection
	GlobalSection(ProjectConfigurationPlatforms) = postSolution
		{91E0521A-60AB-407D-9BDD-DFC23FF39382}.Debug|Any CPU.ActiveCfg = Debug|Any CPU
		{91E0521A-60AB-407D-9BDD-DFC23FF39382}.Debug|Any CPU.Build.0 = Debug|Any CPU
		{91E0521A-60AB-407D-9BDD-DFC23FF39382}.Release|Any CPU.ActiveCfg = Release|Any CPU
		{91E0521A-60AB-407D-9BDD-DFC23FF39382}.Release|Any CPU.Build.0 = Release|Any CPU
		{AF25DB9C-ADAF-47F0-8AC3-81D57EC230E9}.Debug|Any CPU.ActiveCfg = Debug|Any CPU
		{AF25DB9C-ADAF-47F0-8AC3-81D57EC230E9}.Debug|Any CPU.Build.0 = Debug|Any CPU
		{AF25DB9C-ADAF-47F0-8AC3-81D57EC230E9}.Release|Any CPU.ActiveCfg = Release|Any CPU
		{AF25DB9C-ADAF-47F0-8AC3-81D57EC230E9}.Release|Any CPU.Build.0 = Release|Any CPU
	EndGlobalSection
	GlobalSection(SolutionProperties) = preSolution
		HideSolutionNode = FALSE
	EndGlobalSection
	GlobalSection(ExtensibilityGlobals) = postSolution
		SolutionGuid = {D9F2988F-67BC-4F03-B59D-530271E538C6}
	EndGlobalSection
EndGlobal
