
Microsoft Visual Studio Solution File, Format Version 12.00
# Visual Studio Version 16
VisualStudioVersion = 16.0.29911.84
MinimumVisualStudioVersion = 10.0.40219.1
Project("{FAE04EC0-301F-11D3-BF4B-00C04F79EFBC}") = "Graph", "Graph.csproj", "{372697DE-1324-4A7C-8917-D6E6DE5157B5}"
EndProject
Project("{FAE04EC0-301F-11D3-BF4B-00C04F79EFBC}") = "XUnitTestGraph", "..\XUnitTestGraph\XUnitTestGraph.csproj", "{6B0969B9-B01D-4039-81E9-6068DE974747}"
EndProject
Global
	GlobalSection(SolutionConfigurationPlatforms) = preSolution
		Debug|Any CPU = Debug|Any CPU
		Release|Any CPU = Release|Any CPU
	EndGlobalSection
	GlobalSection(ProjectConfigurationPlatforms) = postSolution
		{372697DE-1324-4A7C-8917-D6E6DE5157B5}.Debug|Any CPU.ActiveCfg = Debug|Any CPU
		{372697DE-1324-4A7C-8917-D6E6DE5157B5}.Debug|Any CPU.Build.0 = Debug|Any CPU
		{372697DE-1324-4A7C-8917-D6E6DE5157B5}.Release|Any CPU.ActiveCfg = Release|Any CPU
		{372697DE-1324-4A7C-8917-D6E6DE5157B5}.Release|Any CPU.Build.0 = Release|Any CPU
		{6B0969B9-B01D-4039-81E9-6068DE974747}.Debug|Any CPU.ActiveCfg = Debug|Any CPU
		{6B0969B9-B01D-4039-81E9-6068DE974747}.Debug|Any CPU.Build.0 = Debug|Any CPU
		{6B0969B9-B01D-4039-81E9-6068DE974747}.Release|Any CPU.ActiveCfg = Release|Any CPU
		{6B0969B9-B01D-4039-81E9-6068DE974747}.Release|Any CPU.Build.0 = Release|Any CPU
	EndGlobalSection
	GlobalSection(SolutionProperties) = preSolution
		HideSolutionNode = FALSE
	EndGlobalSection
	GlobalSection(ExtensibilityGlobals) = postSolution
		SolutionGuid = {48AB0CEA-04A6-4BF2-AB8F-8A40A2F7A506}
	EndGlobalSection
EndGlobal
