
Microsoft Visual Studio Solution File, Format Version 12.00
# Visual Studio Version 16
VisualStudioVersion = 16.0.29911.84
MinimumVisualStudioVersion = 10.0.40219.1
Project("{FAE04EC0-301F-11D3-BF4B-00C04F79EFBC}") = "MergeSort", "MergeSort.csproj", "{D5441855-E410-447D-ADB8-1F651AB9E098}"
EndProject
Project("{FAE04EC0-301F-11D3-BF4B-00C04F79EFBC}") = "MergeSortTest", "..\MergeSortTest\MergeSortTest.csproj", "{23CEB690-19EC-4B1A-B338-298D97144BE2}"
EndProject
Global
	GlobalSection(SolutionConfigurationPlatforms) = preSolution
		Debug|Any CPU = Debug|Any CPU
		Release|Any CPU = Release|Any CPU
	EndGlobalSection
	GlobalSection(ProjectConfigurationPlatforms) = postSolution
		{D5441855-E410-447D-ADB8-1F651AB9E098}.Debug|Any CPU.ActiveCfg = Debug|Any CPU
		{D5441855-E410-447D-ADB8-1F651AB9E098}.Debug|Any CPU.Build.0 = Debug|Any CPU
		{D5441855-E410-447D-ADB8-1F651AB9E098}.Release|Any CPU.ActiveCfg = Release|Any CPU
		{D5441855-E410-447D-ADB8-1F651AB9E098}.Release|Any CPU.Build.0 = Release|Any CPU
		{23CEB690-19EC-4B1A-B338-298D97144BE2}.Debug|Any CPU.ActiveCfg = Debug|Any CPU
		{23CEB690-19EC-4B1A-B338-298D97144BE2}.Debug|Any CPU.Build.0 = Debug|Any CPU
		{23CEB690-19EC-4B1A-B338-298D97144BE2}.Release|Any CPU.ActiveCfg = Release|Any CPU
		{23CEB690-19EC-4B1A-B338-298D97144BE2}.Release|Any CPU.Build.0 = Release|Any CPU
	EndGlobalSection
	GlobalSection(SolutionProperties) = preSolution
		HideSolutionNode = FALSE
	EndGlobalSection
	GlobalSection(ExtensibilityGlobals) = postSolution
		SolutionGuid = {1E943F20-CC69-4DE8-8060-936F10FA0C1F}
	EndGlobalSection
EndGlobal
