
Microsoft Visual Studio Solution File, Format Version 12.00
# Visual Studio Version 16
VisualStudioVersion = 16.0.30406.217
MinimumVisualStudioVersion = 10.0.40219.1
Project("{FAE04EC0-301F-11D3-BF4B-00C04F79EFBC}") = "SelectionSort", "SelectionSort.csproj", "{1AC2E7D2-D4E4-4EF6-9E0F-D93959465650}"
EndProject
Project("{FAE04EC0-301F-11D3-BF4B-00C04F79EFBC}") = "XUnitTestSelectionSort", "..\XUnitTestSelectionSort\XUnitTestSelectionSort.csproj", "{4800BCAD-6FFF-46BF-8513-D6B31124FAAB}"
EndProject
Global
	GlobalSection(SolutionConfigurationPlatforms) = preSolution
		Debug|Any CPU = Debug|Any CPU
		Release|Any CPU = Release|Any CPU
	EndGlobalSection
	GlobalSection(ProjectConfigurationPlatforms) = postSolution
		{1AC2E7D2-D4E4-4EF6-9E0F-D93959465650}.Debug|Any CPU.ActiveCfg = Debug|Any CPU
		{1AC2E7D2-D4E4-4EF6-9E0F-D93959465650}.Debug|Any CPU.Build.0 = Debug|Any CPU
		{1AC2E7D2-D4E4-4EF6-9E0F-D93959465650}.Release|Any CPU.ActiveCfg = Release|Any CPU
		{1AC2E7D2-D4E4-4EF6-9E0F-D93959465650}.Release|Any CPU.Build.0 = Release|Any CPU
		{4800BCAD-6FFF-46BF-8513-D6B31124FAAB}.Debug|Any CPU.ActiveCfg = Debug|Any CPU
		{4800BCAD-6FFF-46BF-8513-D6B31124FAAB}.Debug|Any CPU.Build.0 = Debug|Any CPU
		{4800BCAD-6FFF-46BF-8513-D6B31124FAAB}.Release|Any CPU.ActiveCfg = Release|Any CPU
		{4800BCAD-6FFF-46BF-8513-D6B31124FAAB}.Release|Any CPU.Build.0 = Release|Any CPU
	EndGlobalSection
	GlobalSection(SolutionProperties) = preSolution
		HideSolutionNode = FALSE
	EndGlobalSection
	GlobalSection(ExtensibilityGlobals) = postSolution
		SolutionGuid = {F9CB6C75-33FE-41FF-B4CC-4F393455E42F}
	EndGlobalSection
EndGlobal
