
Microsoft Visual Studio Solution File, Format Version 12.00
# Visual Studio Version 16
VisualStudioVersion = 16.0.29911.84
MinimumVisualStudioVersion = 10.0.40219.1
Project("{9A19103F-16F7-4668-BE54-9A1E7A4F7556}") = "FIFOAnimalShelter", "FIFOAnimalShelter.csproj", "{BA6A5A28-2757-4B34-9F4D-83B1FC2C79F6}"
EndProject
Project("{9A19103F-16F7-4668-BE54-9A1E7A4F7556}") = "FIFOAnimalShelterTest", "..\FIFIAnimalShelterTest\FIFOAnimalShelterTest.csproj", "{E7925769-220D-4E8C-BC56-F2A71E2881DF}"
EndProject
Global
	GlobalSection(SolutionConfigurationPlatforms) = preSolution
		Debug|Any CPU = Debug|Any CPU
		Release|Any CPU = Release|Any CPU
	EndGlobalSection
	GlobalSection(ProjectConfigurationPlatforms) = postSolution
		{BA6A5A28-2757-4B34-9F4D-83B1FC2C79F6}.Debug|Any CPU.ActiveCfg = Debug|Any CPU
		{BA6A5A28-2757-4B34-9F4D-83B1FC2C79F6}.Debug|Any CPU.Build.0 = Debug|Any CPU
		{BA6A5A28-2757-4B34-9F4D-83B1FC2C79F6}.Release|Any CPU.ActiveCfg = Release|Any CPU
		{BA6A5A28-2757-4B34-9F4D-83B1FC2C79F6}.Release|Any CPU.Build.0 = Release|Any CPU
		{E7925769-220D-4E8C-BC56-F2A71E2881DF}.Debug|Any CPU.ActiveCfg = Debug|Any CPU
		{E7925769-220D-4E8C-BC56-F2A71E2881DF}.Debug|Any CPU.Build.0 = Debug|Any CPU
		{E7925769-220D-4E8C-BC56-F2A71E2881DF}.Release|Any CPU.ActiveCfg = Release|Any CPU
		{E7925769-220D-4E8C-BC56-F2A71E2881DF}.Release|Any CPU.Build.0 = Release|Any CPU
	EndGlobalSection
	GlobalSection(SolutionProperties) = preSolution
		HideSolutionNode = FALSE
	EndGlobalSection
	GlobalSection(ExtensibilityGlobals) = postSolution
		SolutionGuid = {A1B35405-94B7-4474-809F-B2DFF15D31AB}
	EndGlobalSection
EndGlobal
